{
  "version": 2,
  "packages": {
    "db_connector": {
      "version": "0.1.0",
      "vcsRevision": "74aef399e5c232f95c9fc5c987cebac846f09d62",
      "url": "https://github.com/nim-lang/db_connector",
      "downloadMethod": "git",
      "dependencies": [],
      "checksums": {
        "sha1": "b20053975976f94afac253d67cc6ef9200b32d02"
      }
    },
    "lowdb": {
      "version": "0.2.1",
      "vcsRevision": "937ebb84bf08d24b97b2a9b8c86c37cd39fab520",
      "url": "https://github.com/PhilippMDoerner/lowdb",
      "downloadMethod": "git",
      "dependencies": [
        "db_connector"
      ],
      "checksums": {
        "sha1": "e26a392547b826d7d3e6566dc0fd76e9f42ead06"
      }
    },
    "norm": {
      "version": "2.8.7",
      "vcsRevision": "aba796d0251fa6aeb01ec2c49f48b63522db5e32",
      "url": "https://github.com/moigagoo/norm",
      "downloadMethod": "git",
      "dependencies": [
        "lowdb"
      ],
      "checksums": {
        "sha1": "cdf05aec89e0c4f7ed7adb3ee60a3a7dff1c802c"
      }
    },
    "zippy": {
      "version": "0.10.16",
      "vcsRevision": "a99f6a7d8a8e3e0213b3cad0daf0ea974bf58e3f",
      "url": "https://github.com/guzba/zippy",
      "downloadMethod": "git",
      "dependencies": [],
      "checksums": {
        "sha1": "da3bb5ea388f980babcc29760348e2899d29a639"
      }
    },
    "xl": {
      "version": "1.1.0",
      "vcsRevision": "3f4a3ee50eff48e03502a6d3a5dc335ff9ba00b6",
      "url": "https://github.com/khchen/xl",
      "downloadMethod": "git",
      "dependencies": [
        "zippy"
      ],
      "checksums": {
        "sha1": "033a1f9eaa4ba97afd3b14c2323e4ce32ec5f73d"
      }
    }
  },
  "tasks": {}
}
